<?xml version="1.0" encoding="UTF-8" standalone="yes" ?>
<CodeBlocks_project_file>
	<FileVersion major="1" minor="6" />
	<Project>
		<Option title="ArduWin" />
		<Option pch_mode="2" />
		<Option compiler="gcc" />
		<Build>
			<Target title="Debug">
				<Option output="bin/Debug/ArduWin" prefix_auto="1" extension_auto="1" />
				<Option object_output="obj/Debug/" />
				<Option type="1" />
				<Option compiler="gcc" />
				<Compiler>
					<Add option="-g" />
					<Add directory="./" />
				</Compiler>
			</Target>
			<Target title="Release">
				<Option output="bin/Release/ArduWin" prefix_auto="1" extension_auto="1" />
				<Option object_output="obj/Release/" />
				<Option type="1" />
				<Option compiler="gcc" />
				<Compiler>
					<Add option="-O2" />
					<Add directory="./" />
				</Compiler>
				<Linker>
					<Add option="-s" />
				</Linker>
			</Target>
		</Build>
		<Compiler>
			<Add option="-Wall" />
		</Compiler>
		<Unit filename="../ArduWin.h" />
		<Unit filename="../GButton.cpp" />
		<Unit filename="../GButton.h" />
		<Unit filename="../GCheckBox.cpp" />
		<Unit filename="../GCheckBox.h" />
		<Unit filename="../GControl.cpp" />
		<Unit filename="../GControl.h" />
		<Unit filename="../GError.cpp" />
		<Unit filename="../GError.h" />
		<Unit filename="../GEvent.cpp" />
		<Unit filename="../GEvent.h" />
		<Unit filename="../GIcon.cpp" />
		<Unit filename="../GIcon.h" />
		<Unit filename="../GLabel.cpp" />
		<Unit filename="../GLabel.h" />
		<Unit filename="../GNotification.cpp" />
		<Unit filename="../GNotification.h" />
		<Unit filename="../GWinList.cpp" />
		<Unit filename="../GWinList.h" />
		<Unit filename="../GWindow.cpp" />
		<Unit filename="../GWindow.h" />
		<Unit filename="../default_icons.h" />
		<Unit filename="../location.h" />
		<Extensions>
			<lib_finder disable_auto="1" />
		</Extensions>
	</Project>
</CodeBlocks_project_file>
